
Microsoft Visual Studio Solution File, Format Version 12.00
# Visual Studio Version 17
VisualStudioVersion = 17.7.34018.315
MinimumVisualStudioVersion = 10.0.40219.1
Project("{FAE04EC0-301F-11D3-BF4B-00C04F79EFBC}") = "Forceget.Core", "Forceget.Core\Forceget.Core.csproj", "{DD1F84D7-D65C-4707-9920-C7EF3FCB5FD8}"
EndProject
Project("{FAE04EC0-301F-11D3-BF4B-00C04F79EFBC}") = "Forceget.Entities", "Forceget.Entities\Forceget.Entities.csproj", "{3D39AF25-93D2-42DB-A4B7-FBD1E9ED4D91}"
EndProject
Project("{FAE04EC0-301F-11D3-BF4B-00C04F79EFBC}") = "Forceget.DataAccess", "Forceget.DataAccess\Forceget.DataAccess.csproj", "{10393773-E754-4FA5-AB88-1C4773701FBD}"
EndProject
Project("{FAE04EC0-301F-11D3-BF4B-00C04F79EFBC}") = "Forceget.Business", "Forceget.Business\Forceget.Business.csproj", "{61FD918F-DA7F-49BF-9124-59246EEC50C0}"
EndProject
Project("{FAE04EC0-301F-11D3-BF4B-00C04F79EFBC}") = "Forceget.WebAPI", "Forceget.WebAPI\Forceget.WebAPI.csproj", "{F788CA0B-1AE0-498C-B943-007E3A6B3413}"
EndProject
Global
	GlobalSection(SolutionConfigurationPlatforms) = preSolution
		Debug|Any CPU = Debug|Any CPU
		Release|Any CPU = Release|Any CPU
	EndGlobalSection
	GlobalSection(ProjectConfigurationPlatforms) = postSolution
		{DD1F84D7-D65C-4707-9920-C7EF3FCB5FD8}.Debug|Any CPU.ActiveCfg = Debug|Any CPU
		{DD1F84D7-D65C-4707-9920-C7EF3FCB5FD8}.Debug|Any CPU.Build.0 = Debug|Any CPU
		{DD1F84D7-D65C-4707-9920-C7EF3FCB5FD8}.Release|Any CPU.ActiveCfg = Release|Any CPU
		{DD1F84D7-D65C-4707-9920-C7EF3FCB5FD8}.Release|Any CPU.Build.0 = Release|Any CPU
		{3D39AF25-93D2-42DB-A4B7-FBD1E9ED4D91}.Debug|Any CPU.ActiveCfg = Debug|Any CPU
		{3D39AF25-93D2-42DB-A4B7-FBD1E9ED4D91}.Debug|Any CPU.Build.0 = Debug|Any CPU
		{3D39AF25-93D2-42DB-A4B7-FBD1E9ED4D91}.Release|Any CPU.ActiveCfg = Release|Any CPU
		{3D39AF25-93D2-42DB-A4B7-FBD1E9ED4D91}.Release|Any CPU.Build.0 = Release|Any CPU
		{10393773-E754-4FA5-AB88-1C4773701FBD}.Debug|Any CPU.ActiveCfg = Debug|Any CPU
		{10393773-E754-4FA5-AB88-1C4773701FBD}.Debug|Any CPU.Build.0 = Debug|Any CPU
		{10393773-E754-4FA5-AB88-1C4773701FBD}.Release|Any CPU.ActiveCfg = Release|Any CPU
		{10393773-E754-4FA5-AB88-1C4773701FBD}.Release|Any CPU.Build.0 = Release|Any CPU
		{61FD918F-DA7F-49BF-9124-59246EEC50C0}.Debug|Any CPU.ActiveCfg = Debug|Any CPU
		{61FD918F-DA7F-49BF-9124-59246EEC50C0}.Debug|Any CPU.Build.0 = Debug|Any CPU
		{61FD918F-DA7F-49BF-9124-59246EEC50C0}.Release|Any CPU.ActiveCfg = Release|Any CPU
		{61FD918F-DA7F-49BF-9124-59246EEC50C0}.Release|Any CPU.Build.0 = Release|Any CPU
		{F788CA0B-1AE0-498C-B943-007E3A6B3413}.Debug|Any CPU.ActiveCfg = Debug|Any CPU
		{F788CA0B-1AE0-498C-B943-007E3A6B3413}.Debug|Any CPU.Build.0 = Debug|Any CPU
		{F788CA0B-1AE0-498C-B943-007E3A6B3413}.Release|Any CPU.ActiveCfg = Release|Any CPU
		{F788CA0B-1AE0-498C-B943-007E3A6B3413}.Release|Any CPU.Build.0 = Release|Any CPU
	EndGlobalSection
	GlobalSection(SolutionProperties) = preSolution
		HideSolutionNode = FALSE
	EndGlobalSection
	GlobalSection(ExtensibilityGlobals) = postSolution
		SolutionGuid = {187D669B-501B-4FD3-8A45-57C071B08EE5}
	EndGlobalSection
EndGlobal
